
Microsoft Visual Studio Solution File, Format Version 12.00
# Visual Studio Version 16
VisualStudioVersion = 16.0.30611.23
MinimumVisualStudioVersion = 10.0.40219.1
Project("{FAE04EC0-301F-11D3-BF4B-00C04F79EFBC}") = "ServerConfigRest_20180140086_SandiEkaYada", "ServerConfigRest_20180140086_SandiEkaYada\ServerConfigRest_20180140086_SandiEkaYada.csproj", "{BD5CCA74-0DF0-49AA-B055-1A0FC0B72703}"
EndProject
Global
	GlobalSection(SolutionConfigurationPlatforms) = preSolution
		Debug|Any CPU = Debug|Any CPU
		Release|Any CPU = Release|Any CPU
	EndGlobalSection
	GlobalSection(ProjectConfigurationPlatforms) = postSolution
		{BD5CCA74-0DF0-49AA-B055-1A0FC0B72703}.Debug|Any CPU.ActiveCfg = Debug|Any CPU
		{BD5CCA74-0DF0-49AA-B055-1A0FC0B72703}.Debug|Any CPU.Build.0 = Debug|Any CPU
		{BD5CCA74-0DF0-49AA-B055-1A0FC0B72703}.Release|Any CPU.ActiveCfg = Release|Any CPU
		{BD5CCA74-0DF0-49AA-B055-1A0FC0B72703}.Release|Any CPU.Build.0 = Release|Any CPU
	EndGlobalSection
	GlobalSection(SolutionProperties) = preSolution
		HideSolutionNode = FALSE
	EndGlobalSection
	GlobalSection(ExtensibilityGlobals) = postSolution
		SolutionGuid = {97D7C0D7-7FE6-4BD8-966E-F7762ADC8F6B}
	EndGlobalSection
EndGlobal
